{
  "name": "full-list",
  "version": "1.0.4",
  "lockfileVersion": 3,
  "requires": true,
  "packages": {
    "": {
      "name": "full-list",
      "version": "1.0.4",
      "license": "MIT",
      "dependencies": {
        "full-list": "^1.0.4"
      }
    },
    "node_modules/full-list": {
      "version": "1.0.4",
      "resolved": "https://registry.npmjs.org/full-list/-/full-list-1.0.4.tgz",
      "integrity": "sha512-W32E1TydAXsjkyMXPTH/9craWSuAzBmOo1zUf5squhbj/Rx5nh1yoav/jpDjRMJP86HwnutCcexsjFlOPbs4vg=="
    }
  }
}
